
Microsoft Visual Studio Solution File, Format Version 12.00
# Visual Studio Version 17
VisualStudioVersion = 17.3.32811.315
MinimumVisualStudioVersion = 10.0.40219.1
Project("{FAE04EC0-301F-11D3-BF4B-00C04F79EFBC}") = "WinFormsApp3", "WinFormsApp3.csproj", "{9C58C695-A0B5-4B2D-BF1F-F711DA81AD90}"
EndProject
Project("{9A19103F-16F7-4668-BE54-9A1E7A4F7556}") = "Lab3 Class Library", "..\Lab3 Class Library\Lab3 Class Library.csproj", "{8328E1CE-7FAB-4718-B65D-56A327DFD327}"
EndProject
Global
	GlobalSection(SolutionConfigurationPlatforms) = preSolution
		Debug|Any CPU = Debug|Any CPU
		Release|Any CPU = Release|Any CPU
	EndGlobalSection
	GlobalSection(ProjectConfigurationPlatforms) = postSolution
		{9C58C695-A0B5-4B2D-BF1F-F711DA81AD90}.Debug|Any CPU.ActiveCfg = Debug|Any CPU
		{9C58C695-A0B5-4B2D-BF1F-F711DA81AD90}.Debug|Any CPU.Build.0 = Debug|Any CPU
		{9C58C695-A0B5-4B2D-BF1F-F711DA81AD90}.Release|Any CPU.ActiveCfg = Release|Any CPU
		{9C58C695-A0B5-4B2D-BF1F-F711DA81AD90}.Release|Any CPU.Build.0 = Release|Any CPU
		{8328E1CE-7FAB-4718-B65D-56A327DFD327}.Debug|Any CPU.ActiveCfg = Debug|Any CPU
		{8328E1CE-7FAB-4718-B65D-56A327DFD327}.Debug|Any CPU.Build.0 = Debug|Any CPU
		{8328E1CE-7FAB-4718-B65D-56A327DFD327}.Release|Any CPU.ActiveCfg = Release|Any CPU
		{8328E1CE-7FAB-4718-B65D-56A327DFD327}.Release|Any CPU.Build.0 = Release|Any CPU
	EndGlobalSection
	GlobalSection(SolutionProperties) = preSolution
		HideSolutionNode = FALSE
	EndGlobalSection
	GlobalSection(ExtensibilityGlobals) = postSolution
		SolutionGuid = {8A377986-23D3-4EE9-8283-D4A9A11182A3}
	EndGlobalSection
EndGlobal
