
Microsoft Visual Studio Solution File, Format Version 12.00
# Visual Studio Version 17
VisualStudioVersion = 17.3.32811.315
MinimumVisualStudioVersion = 10.0.40219.1
Project("{9A19103F-16F7-4668-BE54-9A1E7A4F7556}") = "Lab3 Class Library", "Lab3 Class Library\Lab3 Class Library.csproj", "{C6A355F8-1E60-4DC3-9918-D36F1A1530D1}"
EndProject
Project("{9A19103F-16F7-4668-BE54-9A1E7A4F7556}") = "Lab3 Console App", "Lab3 Console App\Lab3 Console App.csproj", "{FA844E83-C17B-48FB-9F1C-E9583CDD913A}"
EndProject
Project("{9A19103F-16F7-4668-BE54-9A1E7A4F7556}") = "WinFormsApp3", "WinFormsApp3\WinFormsApp3.csproj", "{1C2B470C-7BBE-48B1-B20D-05ADCE1BE22B}"
EndProject
Global
	GlobalSection(SolutionConfigurationPlatforms) = preSolution
		Debug|Any CPU = Debug|Any CPU
		Release|Any CPU = Release|Any CPU
	EndGlobalSection
	GlobalSection(ProjectConfigurationPlatforms) = postSolution
		{C6A355F8-1E60-4DC3-9918-D36F1A1530D1}.Debug|Any CPU.ActiveCfg = Debug|Any CPU
		{C6A355F8-1E60-4DC3-9918-D36F1A1530D1}.Debug|Any CPU.Build.0 = Debug|Any CPU
		{C6A355F8-1E60-4DC3-9918-D36F1A1530D1}.Release|Any CPU.ActiveCfg = Release|Any CPU
		{C6A355F8-1E60-4DC3-9918-D36F1A1530D1}.Release|Any CPU.Build.0 = Release|Any CPU
		{FA844E83-C17B-48FB-9F1C-E9583CDD913A}.Debug|Any CPU.ActiveCfg = Debug|Any CPU
		{FA844E83-C17B-48FB-9F1C-E9583CDD913A}.Debug|Any CPU.Build.0 = Debug|Any CPU
		{FA844E83-C17B-48FB-9F1C-E9583CDD913A}.Release|Any CPU.ActiveCfg = Release|Any CPU
		{FA844E83-C17B-48FB-9F1C-E9583CDD913A}.Release|Any CPU.Build.0 = Release|Any CPU
		{1C2B470C-7BBE-48B1-B20D-05ADCE1BE22B}.Debug|Any CPU.ActiveCfg = Debug|Any CPU
		{1C2B470C-7BBE-48B1-B20D-05ADCE1BE22B}.Debug|Any CPU.Build.0 = Debug|Any CPU
		{1C2B470C-7BBE-48B1-B20D-05ADCE1BE22B}.Release|Any CPU.ActiveCfg = Release|Any CPU
		{1C2B470C-7BBE-48B1-B20D-05ADCE1BE22B}.Release|Any CPU.Build.0 = Release|Any CPU
	EndGlobalSection
	GlobalSection(SolutionProperties) = preSolution
		HideSolutionNode = FALSE
	EndGlobalSection
	GlobalSection(ExtensibilityGlobals) = postSolution
		SolutionGuid = {3038390A-B124-4E39-A8D3-CAFCE02E4D14}
	EndGlobalSection
EndGlobal
